
Microsoft Visual Studio Solution File, Format Version 12.00
# Visual Studio 14
VisualStudioVersion = 14.0.25420.1
MinimumVisualStudioVersion = 10.0.40219.1
Project("{FAE04EC0-301F-11D3-BF4B-00C04F79EFBC}") = "BT2_buoi7", "BT2_buoi7\BT2_buoi7.csproj", "{D3479225-4C79-4E3D-BE5D-8AE207690F93}"
EndProject
Project("{FAE04EC0-301F-11D3-BF4B-00C04F79EFBC}") = "BT3_buoi7", "BT3_buoi7\BT3_buoi7.csproj", "{610EBD3A-EE67-45B1-8EE7-F9822AA44CF8}"
EndProject
Global
	GlobalSection(SolutionConfigurationPlatforms) = preSolution
		Debug|Any CPU = Debug|Any CPU
		Release|Any CPU = Release|Any CPU
	EndGlobalSection
	GlobalSection(ProjectConfigurationPlatforms) = postSolution
		{D3479225-4C79-4E3D-BE5D-8AE207690F93}.Debug|Any CPU.ActiveCfg = Debug|Any CPU
		{D3479225-4C79-4E3D-BE5D-8AE207690F93}.Debug|Any CPU.Build.0 = Debug|Any CPU
		{D3479225-4C79-4E3D-BE5D-8AE207690F93}.Release|Any CPU.ActiveCfg = Release|Any CPU
		{D3479225-4C79-4E3D-BE5D-8AE207690F93}.Release|Any CPU.Build.0 = Release|Any CPU
		{610EBD3A-EE67-45B1-8EE7-F9822AA44CF8}.Debug|Any CPU.ActiveCfg = Debug|Any CPU
		{610EBD3A-EE67-45B1-8EE7-F9822AA44CF8}.Debug|Any CPU.Build.0 = Debug|Any CPU
		{610EBD3A-EE67-45B1-8EE7-F9822AA44CF8}.Release|Any CPU.ActiveCfg = Release|Any CPU
		{610EBD3A-EE67-45B1-8EE7-F9822AA44CF8}.Release|Any CPU.Build.0 = Release|Any CPU
	EndGlobalSection
	GlobalSection(SolutionProperties) = preSolution
		HideSolutionNode = FALSE
	EndGlobalSection
EndGlobal
